
Microsoft Visual Studio Solution File, Format Version 12.00
# Visual Studio Version 17
VisualStudioVersion = 17.14.36616.10 d17.14
MinimumVisualStudioVersion = 10.0.40219.1
Project("{FAE04EC0-301F-11D3-BF4B-00C04F79EFBC}") = "estructuras_lineale", "estructuras_lineale.csproj", "{738C93CE-0C9C-4CD4-A820-96AE8AF7821B}"
EndProject
Global
	GlobalSection(SolutionConfigurationPlatforms) = preSolution
		Debug|Any CPU = Debug|Any CPU
		Release|Any CPU = Release|Any CPU
	EndGlobalSection
	GlobalSection(ProjectConfigurationPlatforms) = postSolution
		{738C93CE-0C9C-4CD4-A820-96AE8AF7821B}.Debug|Any CPU.ActiveCfg = Debug|Any CPU
		{738C93CE-0C9C-4CD4-A820-96AE8AF7821B}.Debug|Any CPU.Build.0 = Debug|Any CPU
		{738C93CE-0C9C-4CD4-A820-96AE8AF7821B}.Release|Any CPU.ActiveCfg = Release|Any CPU
		{738C93CE-0C9C-4CD4-A820-96AE8AF7821B}.Release|Any CPU.Build.0 = Release|Any CPU
	EndGlobalSection
	GlobalSection(SolutionProperties) = preSolution
		HideSolutionNode = FALSE
	EndGlobalSection
	GlobalSection(ExtensibilityGlobals) = postSolution
		SolutionGuid = {F7D23B46-A08F-4E2A-80AB-072D9D99124F}
	EndGlobalSection
EndGlobal
